
Microsoft Visual Studio Solution File, Format Version 12.00
# Visual Studio Version 16
VisualStudioVersion = 16.0.30503.244
MinimumVisualStudioVersion = 10.0.40219.1
Project("{FAE04EC0-301F-11D3-BF4B-00C04F79EFBC}") = "Guessing_game", "Guessing_game\Guessing_game.csproj", "{C38291A4-134A-4FF6-8E20-3F3A86B8146F}"
EndProject
Global
	GlobalSection(SolutionConfigurationPlatforms) = preSolution
		Debug|Any CPU = Debug|Any CPU
		Release|Any CPU = Release|Any CPU
	EndGlobalSection
	GlobalSection(ProjectConfigurationPlatforms) = postSolution
		{C38291A4-134A-4FF6-8E20-3F3A86B8146F}.Debug|Any CPU.ActiveCfg = Debug|Any CPU
		{C38291A4-134A-4FF6-8E20-3F3A86B8146F}.Debug|Any CPU.Build.0 = Debug|Any CPU
		{C38291A4-134A-4FF6-8E20-3F3A86B8146F}.Release|Any CPU.ActiveCfg = Release|Any CPU
		{C38291A4-134A-4FF6-8E20-3F3A86B8146F}.Release|Any CPU.Build.0 = Release|Any CPU
	EndGlobalSection
	GlobalSection(SolutionProperties) = preSolution
		HideSolutionNode = FALSE
	EndGlobalSection
	GlobalSection(ExtensibilityGlobals) = postSolution
		SolutionGuid = {1E557C12-0A6F-4EB8-90B4-233C9BCA4150}
	EndGlobalSection
EndGlobal
