
Microsoft Visual Studio Solution File, Format Version 12.00
# Visual Studio Version 16
VisualStudioVersion = 16.0.30503.244
MinimumVisualStudioVersion = 10.0.40219.1
Project("{FAE04EC0-301F-11D3-BF4B-00C04F79EFBC}") = "BankV2", "BankV2\BankV2.csproj", "{172BD983-5615-4849-B55F-FB5A65163212}"
EndProject
Global
	GlobalSection(SolutionConfigurationPlatforms) = preSolution
		Debug|Any CPU = Debug|Any CPU
		Release|Any CPU = Release|Any CPU
	EndGlobalSection
	GlobalSection(ProjectConfigurationPlatforms) = postSolution
		{172BD983-5615-4849-B55F-FB5A65163212}.Debug|Any CPU.ActiveCfg = Debug|Any CPU
		{172BD983-5615-4849-B55F-FB5A65163212}.Debug|Any CPU.Build.0 = Debug|Any CPU
		{172BD983-5615-4849-B55F-FB5A65163212}.Release|Any CPU.ActiveCfg = Release|Any CPU
		{172BD983-5615-4849-B55F-FB5A65163212}.Release|Any CPU.Build.0 = Release|Any CPU
	EndGlobalSection
	GlobalSection(SolutionProperties) = preSolution
		HideSolutionNode = FALSE
	EndGlobalSection
	GlobalSection(ExtensibilityGlobals) = postSolution
		SolutionGuid = {667E3762-E4B7-4793-98DD-394CD8DAA584}
	EndGlobalSection
EndGlobal
