
Microsoft Visual Studio Solution File, Format Version 12.00
# Visual Studio Version 16
VisualStudioVersion = 16.0.29920.165
MinimumVisualStudioVersion = 10.0.40219.1
Project("{FAE04EC0-301F-11D3-BF4B-00C04F79EFBC}") = "Pizzeria", "Pizzeria\Pizzeria.csproj", "{7600B9CF-CF59-4526-9477-ACBF3C84B761}"
EndProject
Global
	GlobalSection(SolutionConfigurationPlatforms) = preSolution
		Debug|Any CPU = Debug|Any CPU
		Release|Any CPU = Release|Any CPU
	EndGlobalSection
	GlobalSection(ProjectConfigurationPlatforms) = postSolution
		{7600B9CF-CF59-4526-9477-ACBF3C84B761}.Debug|Any CPU.ActiveCfg = Debug|Any CPU
		{7600B9CF-CF59-4526-9477-ACBF3C84B761}.Debug|Any CPU.Build.0 = Debug|Any CPU
		{7600B9CF-CF59-4526-9477-ACBF3C84B761}.Release|Any CPU.ActiveCfg = Release|Any CPU
		{7600B9CF-CF59-4526-9477-ACBF3C84B761}.Release|Any CPU.Build.0 = Release|Any CPU
	EndGlobalSection
	GlobalSection(SolutionProperties) = preSolution
		HideSolutionNode = FALSE
	EndGlobalSection
	GlobalSection(ExtensibilityGlobals) = postSolution
		SolutionGuid = {1B7493CB-2A7F-4C2E-A71C-18989C030D78}
	EndGlobalSection
EndGlobal
